// !$*UTF8*$!
{
	archiveVersion = 1;
	classes = {
	};
	objectVersion = 51;
	objects = {

/* Begin PBXBuildFile section */
		1C31373B1E22763C1F298A92 /* Pods_09.framework in Frameworks */ = {isa = PBXBuildFile; fileRef = 33ACA38D3686901B49145C33 /* Pods_09.framework */; };
		38311219270817C900F56E40 /* symbol_09.png in Resources */ = {isa = PBXBuildFile; fileRef = 38311215270817C800F56E40 /* symbol_09.png */; };
		3831121A270817C900F56E40 /* symbol_black_09.png in Resources */ = {isa = PBXBuildFile; fileRef = 38311216270817C800F56E40 /* symbol_black_09.png */; };
		3831121B270817C900F56E40 /* logo_09.png in Resources */ = {isa = PBXBuildFile; fileRef = 38311217270817C900F56E40 /* logo_09.png */; };
		3831121C270817C900F56E40 /* banner_09.jpg in Resources */ = {isa = PBXBuildFile; fileRef = 38311218270817C900F56E40 /* banner_09.jpg */; };
		3831121F270828F000F56E40 /* SignInViewController.swift in Sources */ = {isa = PBXBuildFile; fileRef = 3831121E270828F000F56E40 /* SignInViewController.swift */; };
		383112212708296900F56E40 /* SignUpViewController.swift in Sources */ = {isa = PBXBuildFile; fileRef = 383112202708296900F56E40 /* SignUpViewController.swift */; };
		38D3932526EB4185008BF247 /* Header.swift in Sources */ = {isa = PBXBuildFile; fileRef = 38D3932426EB4185008BF247 /* Header.swift */; };
		38D3932726EB4302008BF247 /* LoginViewModel.swift in Sources */ = {isa = PBXBuildFile; fileRef = 38D3932626EB4302008BF247 /* LoginViewModel.swift */; };
		38D3932926EB4643008BF247 /* ViewModelType.swift in Sources */ = {isa = PBXBuildFile; fileRef = 38D3932826EB4643008BF247 /* ViewModelType.swift */; };
		38FE843D26EACF48009587FC /* AppDelegate.swift in Sources */ = {isa = PBXBuildFile; fileRef = 38FE843C26EACF48009587FC /* AppDelegate.swift */; };
		38FE843F26EACF48009587FC /* SceneDelegate.swift in Sources */ = {isa = PBXBuildFile; fileRef = 38FE843E26EACF48009587FC /* SceneDelegate.swift */; };
		38FE844126EACF48009587FC /* SplashViewController.swift in Sources */ = {isa = PBXBuildFile; fileRef = 38FE844026EACF48009587FC /* SplashViewController.swift */; };
		38FE844626EACF4B009587FC /* Assets.xcassets in Resources */ = {isa = PBXBuildFile; fileRef = 38FE844526EACF4B009587FC /* Assets.xcassets */; };
		38FE844926EACF4B009587FC /* LaunchScreen.storyboard in Resources */ = {isa = PBXBuildFile; fileRef = 38FE844726EACF4B009587FC /* LaunchScreen.storyboard */; };
/* End PBXBuildFile section */

/* Begin PBXFileReference section */
		2EFBF1C2E20FAA9900E33E6D /* Pods-09.release.xcconfig */ = {isa = PBXFileReference; includeInIndex = 1; lastKnownFileType = text.xcconfig; name = "Pods-09.release.xcconfig"; path = "Target Support Files/Pods-09/Pods-09.release.xcconfig"; sourceTree = "<group>"; };
		33ACA38D3686901B49145C33 /* Pods_09.framework */ = {isa = PBXFileReference; explicitFileType = wrapper.framework; includeInIndex = 0; path = Pods_09.framework; sourceTree = BUILT_PRODUCTS_DIR; };
		38311215270817C800F56E40 /* symbol_09.png */ = {isa = PBXFileReference; lastKnownFileType = image.png; path = symbol_09.png; sourceTree = "<group>"; };
		38311216270817C800F56E40 /* symbol_black_09.png */ = {isa = PBXFileReference; lastKnownFileType = image.png; path = symbol_black_09.png; sourceTree = "<group>"; };
		38311217270817C900F56E40 /* logo_09.png */ = {isa = PBXFileReference; lastKnownFileType = image.png; path = logo_09.png; sourceTree = "<group>"; };
		38311218270817C900F56E40 /* banner_09.jpg */ = {isa = PBXFileReference; lastKnownFileType = image.jpeg; path = banner_09.jpg; sourceTree = "<group>"; };
		3831121E270828F000F56E40 /* SignInViewController.swift */ = {isa = PBXFileReference; lastKnownFileType = sourcecode.swift; path = SignInViewController.swift; sourceTree = "<group>"; };
		383112202708296900F56E40 /* SignUpViewController.swift */ = {isa = PBXFileReference; lastKnownFileType = sourcecode.swift; path = SignUpViewController.swift; sourceTree = "<group>"; };
		38D3932426EB4185008BF247 /* Header.swift */ = {isa = PBXFileReference; lastKnownFileType = sourcecode.swift; path = Header.swift; sourceTree = "<group>"; };
		38D3932626EB4302008BF247 /* LoginViewModel.swift */ = {isa = PBXFileReference; lastKnownFileType = sourcecode.swift; path = LoginViewModel.swift; sourceTree = "<group>"; };
		38D3932826EB4643008BF247 /* ViewModelType.swift */ = {isa = PBXFileReference; lastKnownFileType = sourcecode.swift; path = ViewModelType.swift; sourceTree = "<group>"; };
		38FE843926EACF48009587FC /* 09.app */ = {isa = PBXFileReference; explicitFileType = wrapper.application; includeInIndex = 0; path = 09.app; sourceTree = BUILT_PRODUCTS_DIR; };
		38FE843C26EACF48009587FC /* AppDelegate.swift */ = {isa = PBXFileReference; lastKnownFileType = sourcecode.swift; path = AppDelegate.swift; sourceTree = "<group>"; };
		38FE843E26EACF48009587FC /* SceneDelegate.swift */ = {isa = PBXFileReference; lastKnownFileType = sourcecode.swift; path = SceneDelegate.swift; sourceTree = "<group>"; };
		38FE844026EACF48009587FC /* SplashViewController.swift */ = {isa = PBXFileReference; lastKnownFileType = sourcecode.swift; path = SplashViewController.swift; sourceTree = "<group>"; };
		38FE844526EACF4B009587FC /* Assets.xcassets */ = {isa = PBXFileReference; lastKnownFileType = folder.assetcatalog; path = Assets.xcassets; sourceTree = "<group>"; };
		38FE844826EACF4B009587FC /* Base */ = {isa = PBXFileReference; lastKnownFileType = file.storyboard; name = Base; path = Base.lproj/LaunchScreen.storyboard; sourceTree = "<group>"; };
		38FE844A26EACF4B009587FC /* Info.plist */ = {isa = PBXFileReference; lastKnownFileType = text.plist.xml; path = Info.plist; sourceTree = "<group>"; };
		7AECB592329836E1F777B6D3 /* Pods-09.debug.xcconfig */ = {isa = PBXFileReference; includeInIndex = 1; lastKnownFileType = text.xcconfig; name = "Pods-09.debug.xcconfig"; path = "Target Support Files/Pods-09/Pods-09.debug.xcconfig"; sourceTree = "<group>"; };
/* End PBXFileReference section */

/* Begin PBXFrameworksBuildPhase section */
		38FE843626EACF48009587FC /* Frameworks */ = {
			isa = PBXFrameworksBuildPhase;
			buildActionMask = 2147483647;
			files = (
				1C31373B1E22763C1F298A92 /* Pods_09.framework in Frameworks */,
			);
			runOnlyForDeploymentPostprocessing = 0;
		};
/* End PBXFrameworksBuildPhase section */

/* Begin PBXGroup section */
		1A33D9158B425690BD33909B /* Frameworks */ = {
			isa = PBXGroup;
			children = (
				33ACA38D3686901B49145C33 /* Pods_09.framework */,
			);
			name = Frameworks;
			sourceTree = "<group>";
		};
		383112102708166C00F56E40 /* images */ = {
			isa = PBXGroup;
			children = (
				38311218270817C900F56E40 /* banner_09.jpg */,
				38311217270817C900F56E40 /* logo_09.png */,
				38311215270817C800F56E40 /* symbol_09.png */,
				38311216270817C800F56E40 /* symbol_black_09.png */,
			);
			path = images;
			sourceTree = "<group>";
		};
		3831121D270828D000F56E40 /* Auth */ = {
			isa = PBXGroup;
			children = (
				3831121E270828F000F56E40 /* SignInViewController.swift */,
				383112202708296900F56E40 /* SignUpViewController.swift */,
			);
			path = Auth;
			sourceTree = "<group>";
		};
		38D3931E26EB412F008BF247 /* ViewModel */ = {
			isa = PBXGroup;
			children = (
				38D3932626EB4302008BF247 /* LoginViewModel.swift */,
				38D3932826EB4643008BF247 /* ViewModelType.swift */,
			);
			path = ViewModel;
			sourceTree = "<group>";
		};
		38D3931F26EB413C008BF247 /* View */ = {
			isa = PBXGroup;
			children = (
				3831121D270828D000F56E40 /* Auth */,
				38FE844026EACF48009587FC /* SplashViewController.swift */,
			);
			path = View;
			sourceTree = "<group>";
		};
		38D3932026EB4143008BF247 /* Networking */ = {
			isa = PBXGroup;
			children = (
				38D3932426EB4185008BF247 /* Header.swift */,
			);
			path = Networking;
			sourceTree = "<group>";
		};
		38D3932126EB414D008BF247 /* model */ = {
			isa = PBXGroup;
			children = (
			);
			path = model;
			sourceTree = "<group>";
		};
		38D3932326EB4176008BF247 /* cell */ = {
			isa = PBXGroup;
			children = (
			);
			path = cell;
			sourceTree = "<group>";
		};
		38FE843026EACF48009587FC = {
			isa = PBXGroup;
			children = (
				38FE843B26EACF48009587FC /* 09 */,
				3C49990E75D5B4D0A4C8A887 /* Pods */,
				1A33D9158B425690BD33909B /* Frameworks */,
			);
			sourceTree = "<group>";
		};
		38FE843A26EACF48009587FC /* Products */ = {
			isa = PBXGroup;
			children = (
				38FE843926EACF48009587FC /* 09.app */,
			);
			name = Products;
			path = ..;
			sourceTree = "<group>";
		};
		38FE843B26EACF48009587FC /* 09 */ = {
			isa = PBXGroup;
			children = (
				383112102708166C00F56E40 /* images */,
				38D3932326EB4176008BF247 /* cell */,
				38D3932126EB414D008BF247 /* model */,
				38D3932026EB4143008BF247 /* Networking */,
				38D3931F26EB413C008BF247 /* View */,
				38D3931E26EB412F008BF247 /* ViewModel */,
				38FE843C26EACF48009587FC /* AppDelegate.swift */,
				38FE843E26EACF48009587FC /* SceneDelegate.swift */,
				38FE844526EACF4B009587FC /* Assets.xcassets */,
				38FE844726EACF4B009587FC /* LaunchScreen.storyboard */,
				38FE844A26EACF4B009587FC /* Info.plist */,
				38FE843A26EACF48009587FC /* Products */,
			);
			path = 09;
			sourceTree = "<group>";
		};
		3C49990E75D5B4D0A4C8A887 /* Pods */ = {
			isa = PBXGroup;
			children = (
				7AECB592329836E1F777B6D3 /* Pods-09.debug.xcconfig */,
				2EFBF1C2E20FAA9900E33E6D /* Pods-09.release.xcconfig */,
			);
			path = Pods;
			sourceTree = "<group>";
		};
/* End PBXGroup section */

/* Begin PBXNativeTarget section */
		38FE843826EACF48009587FC /* 09 */ = {
			isa = PBXNativeTarget;
			buildConfigurationList = 38FE844D26EACF4B009587FC /* Build configuration list for PBXNativeTarget "09" */;
			buildPhases = (
				331865907BBB0CB9B2098F2D /* [CP] Check Pods Manifest.lock */,
				38FE843526EACF48009587FC /* Sources */,
				38FE843626EACF48009587FC /* Frameworks */,
				38FE843726EACF48009587FC /* Resources */,
				D5243D6C3408F409CF489F2A /* [CP] Embed Pods Frameworks */,
			);
			buildRules = (
			);
			dependencies = (
			);
			name = 09;
			productName = 09;
			productReference = 38FE843926EACF48009587FC /* 09.app */;
			productType = "com.apple.product-type.application";
		};
/* End PBXNativeTarget section */

/* Begin PBXProject section */
		38FE843126EACF48009587FC /* Project object */ = {
			isa = PBXProject;
			attributes = {
				LastSwiftUpdateCheck = 1250;
				LastUpgradeCheck = 1250;
				TargetAttributes = {
					38FE843826EACF48009587FC = {
						CreatedOnToolsVersion = 12.5.1;
					};
				};
			};
			buildConfigurationList = 38FE843426EACF48009587FC /* Build configuration list for PBXProject "09" */;
			compatibilityVersion = "Xcode 9.3";
			developmentRegion = en;
			hasScannedForEncodings = 0;
			knownRegions = (
				en,
				Base,
			);
			mainGroup = 38FE843026EACF48009587FC;
			productRefGroup = 38FE843A26EACF48009587FC /* Products */;
			projectDirPath = "";
			projectRoot = "";
			targets = (
				38FE843826EACF48009587FC /* 09 */,
			);
		};
/* End PBXProject section */

/* Begin PBXResourcesBuildPhase section */
		38FE843726EACF48009587FC /* Resources */ = {
			isa = PBXResourcesBuildPhase;
			buildActionMask = 2147483647;
			files = (
				3831121A270817C900F56E40 /* symbol_black_09.png in Resources */,
				38FE844926EACF4B009587FC /* LaunchScreen.storyboard in Resources */,
				3831121C270817C900F56E40 /* banner_09.jpg in Resources */,
				3831121B270817C900F56E40 /* logo_09.png in Resources */,
				38311219270817C900F56E40 /* symbol_09.png in Resources */,
				38FE844626EACF4B009587FC /* Assets.xcassets in Resources */,
			);
			runOnlyForDeploymentPostprocessing = 0;
		};
/* End PBXResourcesBuildPhase section */

/* Begin PBXShellScriptBuildPhase section */
		331865907BBB0CB9B2098F2D /* [CP] Check Pods Manifest.lock */ = {
			isa = PBXShellScriptBuildPhase;
			buildActionMask = 2147483647;
			files = (
			);
			inputFileListPaths = (
			);
			inputPaths = (
				"${PODS_PODFILE_DIR_PATH}/Podfile.lock",
				"${PODS_ROOT}/Manifest.lock",
			);
			name = "[CP] Check Pods Manifest.lock";
			outputFileListPaths = (
			);
			outputPaths = (
				"$(DERIVED_FILE_DIR)/Pods-09-checkManifestLockResult.txt",
			);
			runOnlyForDeploymentPostprocessing = 0;
			shellPath = /bin/sh;
			shellScript = "diff \"${PODS_PODFILE_DIR_PATH}/Podfile.lock\" \"${PODS_ROOT}/Manifest.lock\" > /dev/null\nif [ $? != 0 ] ; then\n    # print error to STDERR\n    echo \"error: The sandbox is not in sync with the Podfile.lock. Run 'pod install' or update your CocoaPods installation.\" >&2\n    exit 1\nfi\n# This output is used by Xcode 'outputs' to avoid re-running this script phase.\necho \"SUCCESS\" > \"${SCRIPT_OUTPUT_FILE_0}\"\n";
			showEnvVarsInLog = 0;
		};
		D5243D6C3408F409CF489F2A /* [CP] Embed Pods Frameworks */ = {
			isa = PBXShellScriptBuildPhase;
			buildActionMask = 2147483647;
			files = (
			);
			inputFileListPaths = (
				"${PODS_ROOT}/Target Support Files/Pods-09/Pods-09-frameworks-${CONFIGURATION}-input-files.xcfilelist",
			);
			name = "[CP] Embed Pods Frameworks";
			outputFileListPaths = (
				"${PODS_ROOT}/Target Support Files/Pods-09/Pods-09-frameworks-${CONFIGURATION}-output-files.xcfilelist",
			);
			runOnlyForDeploymentPostprocessing = 0;
			shellPath = /bin/sh;
			shellScript = "\"${PODS_ROOT}/Target Support Files/Pods-09/Pods-09-frameworks.sh\"\n";
			showEnvVarsInLog = 0;
		};
/* End PBXShellScriptBuildPhase section */

/* Begin PBXSourcesBuildPhase section */
		38FE843526EACF48009587FC /* Sources */ = {
			isa = PBXSourcesBuildPhase;
			buildActionMask = 2147483647;
			files = (
				38D3932726EB4302008BF247 /* LoginViewModel.swift in Sources */,
				3831121F270828F000F56E40 /* SignInViewController.swift in Sources */,
				38FE844126EACF48009587FC /* SplashViewController.swift in Sources */,
				38D3932926EB4643008BF247 /* ViewModelType.swift in Sources */,
				383112212708296900F56E40 /* SignUpViewController.swift in Sources */,
				38D3932526EB4185008BF247 /* Header.swift in Sources */,
				38FE843D26EACF48009587FC /* AppDelegate.swift in Sources */,
				38FE843F26EACF48009587FC /* SceneDelegate.swift in Sources */,
			);
			runOnlyForDeploymentPostprocessing = 0;
		};
/* End PBXSourcesBuildPhase section */

/* Begin PBXVariantGroup section */
		38FE844726EACF4B009587FC /* LaunchScreen.storyboard */ = {
			isa = PBXVariantGroup;
			children = (
				38FE844826EACF4B009587FC /* Base */,
			);
			name = LaunchScreen.storyboard;
			sourceTree = "<group>";
		};
/* End PBXVariantGroup section */

/* Begin XCBuildConfiguration section */
		38FE844B26EACF4B009587FC /* Debug */ = {
			isa = XCBuildConfiguration;
			buildSettings = {
				ALWAYS_SEARCH_USER_PATHS = NO;
				CLANG_ANALYZER_NONNULL = YES;
				CLANG_ANALYZER_NUMBER_OBJECT_CONVERSION = YES_AGGRESSIVE;
				CLANG_CXX_LANGUAGE_STANDARD = "gnu++14";
				CLANG_CXX_LIBRARY = "libc++";
				CLANG_ENABLE_MODULES = YES;
				CLANG_ENABLE_OBJC_ARC = YES;
				CLANG_ENABLE_OBJC_WEAK = YES;
				CLANG_WARN_BLOCK_CAPTURE_AUTORELEASING = YES;
				CLANG_WARN_BOOL_CONVERSION = YES;
				CLANG_WARN_COMMA = YES;
				CLANG_WARN_CONSTANT_CONVERSION = YES;
				CLANG_WARN_DEPRECATED_OBJC_IMPLEMENTATIONS = YES;
				CLANG_WARN_DIRECT_OBJC_ISA_USAGE = YES_ERROR;
				CLANG_WARN_DOCUMENTATION_COMMENTS = YES;
				CLANG_WARN_EMPTY_BODY = YES;
				CLANG_WARN_ENUM_CONVERSION = YES;
				CLANG_WARN_INFINITE_RECURSION = YES;
				CLANG_WARN_INT_CONVERSION = YES;
				CLANG_WARN_NON_LITERAL_NULL_CONVERSION = YES;
				CLANG_WARN_OBJC_IMPLICIT_RETAIN_SELF = YES;
				CLANG_WARN_OBJC_LITERAL_CONVERSION = YES;
				CLANG_WARN_OBJC_ROOT_CLASS = YES_ERROR;
				CLANG_WARN_QUOTED_INCLUDE_IN_FRAMEWORK_HEADER = YES;
				CLANG_WARN_RANGE_LOOP_ANALYSIS = YES;
				CLANG_WARN_STRICT_PROTOTYPES = YES;
				CLANG_WARN_SUSPICIOUS_MOVE = YES;
				CLANG_WARN_UNGUARDED_AVAILABILITY = YES_AGGRESSIVE;
				CLANG_WARN_UNREACHABLE_CODE = YES;
				CLANG_WARN__DUPLICATE_METHOD_MATCH = YES;
				COPY_PHASE_STRIP = NO;
				DEBUG_INFORMATION_FORMAT = dwarf;
				ENABLE_STRICT_OBJC_MSGSEND = YES;
				ENABLE_TESTABILITY = YES;
				GCC_C_LANGUAGE_STANDARD = gnu11;
				GCC_DYNAMIC_NO_PIC = NO;
				GCC_NO_COMMON_BLOCKS = YES;
				GCC_OPTIMIZATION_LEVEL = 0;
				GCC_PREPROCESSOR_DEFINITIONS = (
					"DEBUG=1",
					"$(inherited)",
				);
				GCC_WARN_64_TO_32_BIT_CONVERSION = YES;
				GCC_WARN_ABOUT_RETURN_TYPE = YES_ERROR;
				GCC_WARN_UNDECLARED_SELECTOR = YES;
				GCC_WARN_UNINITIALIZED_AUTOS = YES_AGGRESSIVE;
				GCC_WARN_UNUSED_FUNCTION = YES;
				GCC_WARN_UNUSED_VARIABLE = YES;
				IPHONEOS_DEPLOYMENT_TARGET = 14.5;
				MTL_ENABLE_DEBUG_INFO = INCLUDE_SOURCE;
				MTL_FAST_MATH = YES;
				ONLY_ACTIVE_ARCH = YES;
				SDKROOT = iphoneos;
				SWIFT_ACTIVE_COMPILATION_CONDITIONS = DEBUG;
				SWIFT_OPTIMIZATION_LEVEL = "-Onone";
			};
			name = Debug;
		};
		38FE844C26EACF4B009587FC /* Release */ = {
			isa = XCBuildConfiguration;
			buildSettings = {
				ALWAYS_SEARCH_USER_PATHS = NO;
				CLANG_ANALYZER_NONNULL = YES;
				CLANG_ANALYZER_NUMBER_OBJECT_CONVERSION = YES_AGGRESSIVE;
				CLANG_CXX_LANGUAGE_STANDARD = "gnu++14";
				CLANG_CXX_LIBRARY = "libc++";
				CLANG_ENABLE_MODULES = YES;
				CLANG_ENABLE_OBJC_ARC = YES;
				CLANG_ENABLE_OBJC_WEAK = YES;
				CLANG_WARN_BLOCK_CAPTURE_AUTORELEASING = YES;
				CLANG_WARN_BOOL_CONVERSION = YES;
				CLANG_WARN_COMMA = YES;
				CLANG_WARN_CONSTANT_CONVERSION = YES;
				CLANG_WARN_DEPRECATED_OBJC_IMPLEMENTATIONS = YES;
				CLANG_WARN_DIRECT_OBJC_ISA_USAGE = YES_ERROR;
				CLANG_WARN_DOCUMENTATION_COMMENTS = YES;
				CLANG_WARN_EMPTY_BODY = YES;
				CLANG_WARN_ENUM_CONVERSION = YES;
				CLANG_WARN_INFINITE_RECURSION = YES;
				CLANG_WARN_INT_CONVERSION = YES;
				CLANG_WARN_NON_LITERAL_NULL_CONVERSION = YES;
				CLANG_WARN_OBJC_IMPLICIT_RETAIN_SELF = YES;
				CLANG_WARN_OBJC_LITERAL_CONVERSION = YES;
				CLANG_WARN_OBJC_ROOT_CLASS = YES_ERROR;
				CLANG_WARN_QUOTED_INCLUDE_IN_FRAMEWORK_HEADER = YES;
				CLANG_WARN_RANGE_LOOP_ANALYSIS = YES;
				CLANG_WARN_STRICT_PROTOTYPES = YES;
				CLANG_WARN_SUSPICIOUS_MOVE = YES;
				CLANG_WARN_UNGUARDED_AVAILABILITY = YES_AGGRESSIVE;
				CLANG_WARN_UNREACHABLE_CODE = YES;
				CLANG_WARN__DUPLICATE_METHOD_MATCH = YES;
				COPY_PHASE_STRIP = NO;
				DEBUG_INFORMATION_FORMAT = "dwarf-with-dsym";
				ENABLE_NS_ASSERTIONS = NO;
				ENABLE_STRICT_OBJC_MSGSEND = YES;
				GCC_C_LANGUAGE_STANDARD = gnu11;
				GCC_NO_COMMON_BLOCKS = YES;
				GCC_WARN_64_TO_32_BIT_CONVERSION = YES;
				GCC_WARN_ABOUT_RETURN_TYPE = YES_ERROR;
				GCC_WARN_UNDECLARED_SELECTOR = YES;
				GCC_WARN_UNINITIALIZED_AUTOS = YES_AGGRESSIVE;
				GCC_WARN_UNUSED_FUNCTION = YES;
				GCC_WARN_UNUSED_VARIABLE = YES;
				IPHONEOS_DEPLOYMENT_TARGET = 14.5;
				MTL_ENABLE_DEBUG_INFO = NO;
				MTL_FAST_MATH = YES;
				SDKROOT = iphoneos;
				SWIFT_COMPILATION_MODE = wholemodule;
				SWIFT_OPTIMIZATION_LEVEL = "-O";
				VALIDATE_PRODUCT = YES;
			};
			name = Release;
		};
		38FE844E26EACF4B009587FC /* Debug */ = {
			isa = XCBuildConfiguration;
			baseConfigurationReference = 7AECB592329836E1F777B6D3 /* Pods-09.debug.xcconfig */;
			buildSettings = {
				ASSETCATALOG_COMPILER_APPICON_NAME = AppIcon;
				ASSETCATALOG_COMPILER_GLOBAL_ACCENT_COLOR_NAME = AccentColor;
				CODE_SIGN_STYLE = Automatic;
				DEVELOPMENT_TEAM = 68MVDD6C42;
				INFOPLIST_FILE = 09/Info.plist;
				LD_RUNPATH_SEARCH_PATHS = (
					"$(inherited)",
					"@executable_path/Frameworks",
				);
				PRODUCT_BUNDLE_IDENTIFIER = "kiyoung.-9";
				PRODUCT_NAME = "$(TARGET_NAME)";
				SWIFT_VERSION = 5.0;
				TARGETED_DEVICE_FAMILY = "1,2";
			};
			name = Debug;
		};
		38FE844F26EACF4B009587FC /* Release */ = {
			isa = XCBuildConfiguration;
			baseConfigurationReference = 2EFBF1C2E20FAA9900E33E6D /* Pods-09.release.xcconfig */;
			buildSettings = {
				ASSETCATALOG_COMPILER_APPICON_NAME = AppIcon;
				ASSETCATALOG_COMPILER_GLOBAL_ACCENT_COLOR_NAME = AccentColor;
				CODE_SIGN_STYLE = Automatic;
				DEVELOPMENT_TEAM = 68MVDD6C42;
				INFOPLIST_FILE = 09/Info.plist;
				LD_RUNPATH_SEARCH_PATHS = (
					"$(inherited)",
					"@executable_path/Frameworks",
				);
				PRODUCT_BUNDLE_IDENTIFIER = "kiyoung.-9";
				PRODUCT_NAME = "$(TARGET_NAME)";
				SWIFT_VERSION = 5.0;
				TARGETED_DEVICE_FAMILY = "1,2";
			};
			name = Release;
		};
/* End XCBuildConfiguration section */

/* Begin XCConfigurationList section */
		38FE843426EACF48009587FC /* Build configuration list for PBXProject "09" */ = {
			isa = XCConfigurationList;
			buildConfigurations = (
				38FE844B26EACF4B009587FC /* Debug */,
				38FE844C26EACF4B009587FC /* Release */,
			);
			defaultConfigurationIsVisible = 0;
			defaultConfigurationName = Release;
		};
		38FE844D26EACF4B009587FC /* Build configuration list for PBXNativeTarget "09" */ = {
			isa = XCConfigurationList;
			buildConfigurations = (
				38FE844E26EACF4B009587FC /* Debug */,
				38FE844F26EACF4B009587FC /* Release */,
			);
			defaultConfigurationIsVisible = 0;
			defaultConfigurationName = Release;
		};
/* End XCConfigurationList section */
	};
	rootObject = 38FE843126EACF48009587FC /* Project object */;
}
